
Microsoft Visual Studio Solution File, Format Version 12.00
# Visual Studio 15
VisualStudioVersion = 15.0.26430.16
MinimumVisualStudioVersion = 10.0.40219.1
Project("{9A19103F-16F7-4668-BE54-9A1E7A4F7556}") = "HIBC", "HIBC\HIBC.csproj", "{9C849DE0-DD24-4649-BC85-032966934281}"
EndProject
Project("{2150E333-8FDC-42A3-9474-1A3956D46DE8}") = "v1.0", "v1.0", "{55672ECD-41AD-4E81-B40B-B1B5A11A868E}"
EndProject
Project("{9A19103F-16F7-4668-BE54-9A1E7A4F7556}") = "HIBC.Tests", "HIBC.Tests\HIBC.Tests.csproj", "{121F1D8F-1859-47BB-86CA-854CE21B5D04}"
EndProject
Project("{2150E333-8FDC-42A3-9474-1A3956D46DE8}") = "v2.0", "v2.0", "{E3F3C836-6335-44EC-8F4A-8F62CAE352CC}"
EndProject
Project("{9A19103F-16F7-4668-BE54-9A1E7A4F7556}") = "Modulo43", "Modulo43\Modulo43.csproj", "{5239A4E0-16F8-46A9-9E38-9B9A39225974}"
EndProject
Project("{9A19103F-16F7-4668-BE54-9A1E7A4F7556}") = "Modulo43.Tests", "Modulo43.Tests\Modulo43.Tests.csproj", "{9C3292C2-F3C3-4A66-A88B-03C7E6DC833A}"
EndProject
Project("{2150E333-8FDC-42A3-9474-1A3956D46DE8}") = "v2.5", "v2.5", "{E7625E9C-4BF2-4592-9339-977B90BAB0CA}"
EndProject
Project("{9A19103F-16F7-4668-BE54-9A1E7A4F7556}") = "Modulo43.API", "..\v2.5\Modulo43.API\Modulo43.API.csproj", "{48BA64D4-80A6-4ADA-9325-F250F1947132}"
EndProject
Project("{2150E333-8FDC-42A3-9474-1A3956D46DE8}") = "v3.0", "v3.0", "{02E664CF-1805-42A0-94AC-07DA2EB99A57}"
EndProject
Project("{E24C65DC-7377-472B-9ABA-BC803B73C61A}") = "Modulo43.JS", "..\v3.0\Modulo43.JS\", "{0C160A6B-05E3-473C-B313-3116F85D7018}"
	ProjectSection(WebsiteProperties) = preProject
		TargetFrameworkMoniker = ".NETFramework,Version%3Dv4.7"
		Debug.AspNetCompiler.VirtualPath = "/localhost_13065"
		Debug.AspNetCompiler.PhysicalPath = "..\v3.0\Modulo43.JS\"
		Debug.AspNetCompiler.TargetPath = "PrecompiledWeb\localhost_13065\"
		Debug.AspNetCompiler.Updateable = "true"
		Debug.AspNetCompiler.ForceOverwrite = "true"
		Debug.AspNetCompiler.FixedNames = "false"
		Debug.AspNetCompiler.Debug = "True"
		Release.AspNetCompiler.VirtualPath = "/localhost_13065"
		Release.AspNetCompiler.PhysicalPath = "..\v3.0\Modulo43.JS\"
		Release.AspNetCompiler.TargetPath = "PrecompiledWeb\localhost_13065\"
		Release.AspNetCompiler.Updateable = "true"
		Release.AspNetCompiler.ForceOverwrite = "true"
		Release.AspNetCompiler.FixedNames = "false"
		Release.AspNetCompiler.Debug = "False"
		VWDPort = "13065"
		SlnRelativePath = "..\v3.0\Modulo43.JS\"
	EndProjectSection
EndProject
Global
	GlobalSection(SolutionConfigurationPlatforms) = preSolution
		Debug|Any CPU = Debug|Any CPU
		Release|Any CPU = Release|Any CPU
	EndGlobalSection
	GlobalSection(ProjectConfigurationPlatforms) = postSolution
		{9C849DE0-DD24-4649-BC85-032966934281}.Debug|Any CPU.ActiveCfg = Debug|Any CPU
		{9C849DE0-DD24-4649-BC85-032966934281}.Debug|Any CPU.Build.0 = Debug|Any CPU
		{9C849DE0-DD24-4649-BC85-032966934281}.Release|Any CPU.ActiveCfg = Release|Any CPU
		{9C849DE0-DD24-4649-BC85-032966934281}.Release|Any CPU.Build.0 = Release|Any CPU
		{121F1D8F-1859-47BB-86CA-854CE21B5D04}.Debug|Any CPU.ActiveCfg = Debug|Any CPU
		{121F1D8F-1859-47BB-86CA-854CE21B5D04}.Debug|Any CPU.Build.0 = Debug|Any CPU
		{121F1D8F-1859-47BB-86CA-854CE21B5D04}.Release|Any CPU.ActiveCfg = Release|Any CPU
		{121F1D8F-1859-47BB-86CA-854CE21B5D04}.Release|Any CPU.Build.0 = Release|Any CPU
		{5239A4E0-16F8-46A9-9E38-9B9A39225974}.Debug|Any CPU.ActiveCfg = Debug|Any CPU
		{5239A4E0-16F8-46A9-9E38-9B9A39225974}.Debug|Any CPU.Build.0 = Debug|Any CPU
		{5239A4E0-16F8-46A9-9E38-9B9A39225974}.Release|Any CPU.ActiveCfg = Release|Any CPU
		{5239A4E0-16F8-46A9-9E38-9B9A39225974}.Release|Any CPU.Build.0 = Release|Any CPU
		{9C3292C2-F3C3-4A66-A88B-03C7E6DC833A}.Debug|Any CPU.ActiveCfg = Debug|Any CPU
		{9C3292C2-F3C3-4A66-A88B-03C7E6DC833A}.Debug|Any CPU.Build.0 = Debug|Any CPU
		{9C3292C2-F3C3-4A66-A88B-03C7E6DC833A}.Release|Any CPU.ActiveCfg = Release|Any CPU
		{9C3292C2-F3C3-4A66-A88B-03C7E6DC833A}.Release|Any CPU.Build.0 = Release|Any CPU
		{48BA64D4-80A6-4ADA-9325-F250F1947132}.Debug|Any CPU.ActiveCfg = Debug|Any CPU
		{48BA64D4-80A6-4ADA-9325-F250F1947132}.Debug|Any CPU.Build.0 = Debug|Any CPU
		{48BA64D4-80A6-4ADA-9325-F250F1947132}.Release|Any CPU.ActiveCfg = Release|Any CPU
		{48BA64D4-80A6-4ADA-9325-F250F1947132}.Release|Any CPU.Build.0 = Release|Any CPU
		{0C160A6B-05E3-473C-B313-3116F85D7018}.Debug|Any CPU.ActiveCfg = Debug|Any CPU
		{0C160A6B-05E3-473C-B313-3116F85D7018}.Debug|Any CPU.Build.0 = Debug|Any CPU
		{0C160A6B-05E3-473C-B313-3116F85D7018}.Release|Any CPU.ActiveCfg = Debug|Any CPU
		{0C160A6B-05E3-473C-B313-3116F85D7018}.Release|Any CPU.Build.0 = Debug|Any CPU
	EndGlobalSection
	GlobalSection(SolutionProperties) = preSolution
		HideSolutionNode = FALSE
	EndGlobalSection
	GlobalSection(NestedProjects) = preSolution
		{9C849DE0-DD24-4649-BC85-032966934281} = {55672ECD-41AD-4E81-B40B-B1B5A11A868E}
		{121F1D8F-1859-47BB-86CA-854CE21B5D04} = {55672ECD-41AD-4E81-B40B-B1B5A11A868E}
		{5239A4E0-16F8-46A9-9E38-9B9A39225974} = {E3F3C836-6335-44EC-8F4A-8F62CAE352CC}
		{9C3292C2-F3C3-4A66-A88B-03C7E6DC833A} = {E3F3C836-6335-44EC-8F4A-8F62CAE352CC}
		{48BA64D4-80A6-4ADA-9325-F250F1947132} = {E7625E9C-4BF2-4592-9339-977B90BAB0CA}
		{0C160A6B-05E3-473C-B313-3116F85D7018} = {02E664CF-1805-42A0-94AC-07DA2EB99A57}
	EndGlobalSection
EndGlobal
